{
  "name": "simple-web-app",
  "version": "0.0.0",
  "lockfileVersion": 2,
  "requires": true,
  "packages": {
    "": {
      "name": "simple-web-app",
      "version": "0.0.0",
      "dependencies": {
        "@grpc/proto-loader": "^0.7.2",
        "jquery": "^3.6.1",
        "requirejs": "^2.3.6"
      }
    },
    "node_modules/@grpc/proto-loader": {
      "version": "0.7.2",
      "resolved": "http://msdeartprod.ms.com/artifactory/api/npm/npmjs/@grpc/proto-loader/-/proto-loader-0.7.2.tgz",
      "integrity": "sha1-+mMXiFOv4Uc8UM/4n+Vy98iyAVQ=",
      "license": "Apache-2.0",
      "dependencies": {
        "@types/long": "^4.0.1",
        "lodash.camelcase": "^4.3.0",
        "long": "^4.0.0",
        "protobufjs": "^7.0.0",
        "yargs": "^16.2.0"
      },
      "bin": {
        "proto-loader-gen-types": "build/bin/proto-loader-gen-types.js"
      },
      "engines": {
        "node": ">=6"
      }
    },
    "node_modules/@protobufjs/aspromise": {
      "version": "1.1.2",
      "resolved": "http://msdeartprod.ms.com/artifactory/api/npm/npmjs/@protobufjs/aspromise/-/aspromise-1.1.2.tgz",
      "integrity": "sha1-m4sMxmPWaafY9vXQiToU00jzD78=",
      "license": "BSD-3-Clause"
    },
    "node_modules/@protobufjs/base64": {
      "version": "1.1.2",
      "resolved": "http://msdeartprod.ms.com/artifactory/api/npm/npmjs/@protobufjs/base64/-/base64-1.1.2.tgz",
      "integrity": "sha1-TIVzDlm5ofHzSQR9vyQpYDS7JzU=",
      "license": "BSD-3-Clause"
    },
    "node_modules/@protobufjs/codegen": {
      "version": "2.0.4",
      "resolved": "http://msdeartprod.ms.com/artifactory/api/npm/npmjs/@protobufjs/codegen/-/codegen-2.0.4.tgz",
      "integrity": "sha1-fvN/DQEPsCitGtWXIuUG2SYoFcs=",
      "license": "BSD-3-Clause"
    },
    "node_modules/@protobufjs/eventemitter": {
      "version": "1.1.0",
      "resolved": "http://msdeartprod.ms.com/artifactory/api/npm/npmjs/@protobufjs/eventemitter/-/eventemitter-1.1.0.tgz",
      "integrity": "sha1-NVy8mLr61ZePntCV85diHx0Ga3A=",
      "license": "BSD-3-Clause"
    },
    "node_modules/@protobufjs/fetch": {
      "version": "1.1.0",
      "resolved": "http://msdeartprod.ms.com/artifactory/api/npm/npmjs/@protobufjs/fetch/-/fetch-1.1.0.tgz",
      "integrity": "sha1-upn7WYYUr2VwDBYZ/wbUVLDYTEU=",
      "license": "BSD-3-Clause",
      "dependencies": {
        "@protobufjs/aspromise": "^1.1.1",
        "@protobufjs/inquire": "^1.1.0"
      }
    },
    "node_modules/@protobufjs/float": {
      "version": "1.0.2",
      "resolved": "http://msdeartprod.ms.com/artifactory/api/npm/npmjs/@protobufjs/float/-/float-1.0.2.tgz",
      "integrity": "sha1-Xp4avctz/Ap8uLKR33jIy9l7h9E=",
      "license": "BSD-3-Clause"
    },
    "node_modules/@protobufjs/inquire": {
      "version": "1.1.0",
      "resolved": "http://msdeartprod.ms.com/artifactory/api/npm/npmjs/@protobufjs/inquire/-/inquire-1.1.0.tgz",
      "integrity": "sha1-/yAOPnzyQp4tyvwRQIKOjMY48Ik=",
      "license": "BSD-3-Clause"
    },
    "node_modules/@protobufjs/path": {
      "version": "1.1.2",
      "resolved": "http://msdeartprod.ms.com/artifactory/api/npm/npmjs/@protobufjs/path/-/path-1.1.2.tgz",
      "integrity": "sha1-bMKyDFya1q0NzP0hynZz2Nf79o0=",
      "license": "BSD-3-Clause"
    },
    "node_modules/@protobufjs/pool": {
      "version": "1.1.0",
      "resolved": "http://msdeartprod.ms.com/artifactory/api/npm/npmjs/@protobufjs/pool/-/pool-1.1.0.tgz",
      "integrity": "sha1-Cf0V8tbTq/qbZbw2ZQbWrXhG/1Q=",
      "license": "BSD-3-Clause"
    },
    "node_modules/@protobufjs/utf8": {
      "version": "1.1.0",
      "resolved": "http://msdeartprod.ms.com/artifactory/api/npm/npmjs/@protobufjs/utf8/-/utf8-1.1.0.tgz",
      "integrity": "sha1-p3c2C1s5oaLlEG+OhY8v0tBgxXA=",
      "license": "BSD-3-Clause"
    },
    "node_modules/@types/long": {
      "version": "4.0.2",
      "resolved": "http://msdeartprod.ms.com/artifactory/api/npm/npmjs/@types/long/-/long-4.0.2.tgz",
      "integrity": "sha1-t0EpcZ/I0RwBhoAQCC1IO3VFWRo=",
      "license": "MIT"
    },
    "node_modules/@types/node": {
      "version": "18.7.16",
      "resolved": "http://msdeartprod.ms.com/artifactory/api/npm/npmjs/@types/node/-/node-18.7.16.tgz",
      "integrity": "sha1-DrPM4eN8eWGZQ9L9kDkZ/DCFBgE=",
      "license": "MIT"
    },
    "node_modules/ansi-regex": {
      "version": "5.0.1",
      "resolved": "http://msdeartprod.ms.com/artifactory/api/npm/npmjs/ansi-regex/-/ansi-regex-5.0.1.tgz",
      "integrity": "sha1-CCyyyJyf6GWaMRpTvWpNxTAdswQ=",
      "license": "MIT",
      "engines": {
        "node": ">=8"
      }
    },
    "node_modules/ansi-styles": {
      "version": "4.3.0",
      "resolved": "http://msdeartprod.ms.com/artifactory/api/npm/npmjs/ansi-styles/-/ansi-styles-4.3.0.tgz",
      "integrity": "sha1-7dgDYornHATIWuegkG7a00tkiTc=",
      "license": "MIT",
      "dependencies": {
        "color-convert": "^2.0.1"
      },
      "engines": {
        "node": ">=8"
      },
      "funding": {
        "url": "https://github.com/chalk/ansi-styles?sponsor=1"
      }
    },
    "node_modules/cliui": {
      "version": "7.0.4",
      "resolved": "http://msdeartprod.ms.com/artifactory/api/npm/npmjs/cliui/-/cliui-7.0.4.tgz",
      "integrity": "sha1-oCZe5lVHb8gHrqnfPfjfd4OAi08=",
      "license": "ISC",
      "dependencies": {
        "string-width": "^4.2.0",
        "strip-ansi": "^6.0.0",
        "wrap-ansi": "^7.0.0"
      }
    },
    "node_modules/color-convert": {
      "version": "2.0.1",
      "resolved": "http://msdeartprod.ms.com/artifactory/api/npm/npmjs/color-convert/-/color-convert-2.0.1.tgz",
      "integrity": "sha1-ctOmjVmMm9s68q0ehPIdiWq9TeM=",
      "license": "MIT",
      "dependencies": {
        "color-name": "~1.1.4"
      },
      "engines": {
        "node": ">=7.0.0"
      }
    },
    "node_modules/color-name": {
      "version": "1.1.4",
      "resolved": "http://msdeartprod.ms.com/artifactory/api/npm/npmjs/color-name/-/color-name-1.1.4.tgz",
      "integrity": "sha1-wqCah6y95pVD3m9j+jmVyCbFNqI=",
      "license": "MIT"
    },
    "node_modules/emoji-regex": {
      "version": "8.0.0",
      "resolved": "http://msdeartprod.ms.com/artifactory/api/npm/npmjs/emoji-regex/-/emoji-regex-8.0.0.tgz",
      "integrity": "sha1-6Bj9ac5cz8tARZT4QpY79TFkzDc=",
      "license": "MIT"
    },
    "node_modules/escalade": {
      "version": "3.1.1",
      "resolved": "http://msdeartprod.ms.com/artifactory/api/npm/npmjs/escalade/-/escalade-3.1.1.tgz",
      "integrity": "sha1-2M/ccACWXFoBdLSoLqpcBVJ0LkA=",
      "license": "MIT",
      "engines": {
        "node": ">=6"
      }
    },
    "node_modules/get-caller-file": {
      "version": "2.0.5",
      "resolved": "http://msdeartprod.ms.com/artifactory/api/npm/npmjs/get-caller-file/-/get-caller-file-2.0.5.tgz",
      "integrity": "sha1-T5RBKoLbMvNuOwuXQfipf+sDH34=",
      "license": "ISC",
      "engines": {
        "node": "6.* || 8.* || >= 10.*"
      }
    },
    "node_modules/is-fullwidth-code-point": {
      "version": "3.0.0",
      "resolved": "http://msdeartprod.ms.com/artifactory/api/npm/npmjs/is-fullwidth-code-point/-/is-fullwidth-code-point-3.0.0.tgz",
      "integrity": "sha1-8Rb4Bk/pCz94RKOJl8C3UFEmnx0=",
      "license": "MIT",
      "engines": {
        "node": ">=8"
      }
    },
    "node_modules/jquery": {
      "version": "3.6.1",
      "resolved": "http://msdeartprod.ms.com/artifactory/api/npm/npmjs/jquery/-/jquery-3.6.1.tgz",
      "integrity": "sha1-+rBAj4tF/Bn5ViBXc7YrKSwUehY=",
      "license": "MIT"
    },
    "node_modules/lodash.camelcase": {
      "version": "4.3.0",
      "resolved": "http://msdeartprod.ms.com/artifactory/api/npm/npmjs/lodash.camelcase/-/lodash.camelcase-4.3.0.tgz",
      "integrity": "sha1-soqmKIorn8ZRA1x3EfZathkDMaY=",
      "license": "MIT"
    },
    "node_modules/long": {
      "version": "4.0.0",
      "resolved": "http://msdeartprod.ms.com/artifactory/api/npm/npmjs/long/-/long-4.0.0.tgz",
      "integrity": "sha1-mntxz7fTYaGU6lVSQckvdGjVvyg=",
      "license": "Apache-2.0"
    },
    "node_modules/protobufjs": {
      "version": "7.1.0",
      "resolved": "http://msdeartprod.ms.com/artifactory/api/npm/npmjs/protobufjs/-/protobufjs-7.1.0.tgz",
      "integrity": "sha1-UXS1+W+tT33qfdSr1ZQEKsNg5mU=",
      "hasInstallScript": true,
      "license": "BSD-3-Clause",
      "dependencies": {
        "@protobufjs/aspromise": "^1.1.2",
        "@protobufjs/base64": "^1.1.2",
        "@protobufjs/codegen": "^2.0.4",
        "@protobufjs/eventemitter": "^1.1.0",
        "@protobufjs/fetch": "^1.1.0",
        "@protobufjs/float": "^1.0.2",
        "@protobufjs/inquire": "^1.1.0",
        "@protobufjs/path": "^1.1.2",
        "@protobufjs/pool": "^1.1.0",
        "@protobufjs/utf8": "^1.1.0",
        "@types/node": ">=13.7.0",
        "long": "^5.0.0"
      },
      "engines": {
        "node": ">=12.0.0"
      }
    },
    "node_modules/protobufjs/node_modules/long": {
      "version": "5.2.0",
      "resolved": "http://msdeartprod.ms.com/artifactory/api/npm/npmjs/long/-/long-5.2.0.tgz",
      "integrity": "sha1-Jpba30tNos4/b2uJGGCF2U1S/WE=",
      "license": "Apache-2.0"
    },
    "node_modules/require-directory": {
      "version": "2.1.1",
      "resolved": "http://msdeartprod.ms.com/artifactory/api/npm/npmjs/require-directory/-/require-directory-2.1.1.tgz",
      "integrity": "sha1-jGStX9MNqxyXbiNE/+f3kqam30I=",
      "license": "MIT",
      "engines": {
        "node": ">=0.10.0"
      }
    },
    "node_modules/requirejs": {
      "version": "2.3.6",
      "resolved": "http://msdeartprod.ms.com/artifactory/api/npm/npmjs/requirejs/-/requirejs-2.3.6.tgz",
      "integrity": "sha1-5Qk9lgHCgpJRJYwLlEXU0Z+p58k=",
      "license": "MIT",
      "bin": {
        "r_js": "bin/r.js",
        "r.js": "bin/r.js"
      },
      "engines": {
        "node": ">=0.4.0"
      }
    },
    "node_modules/string-width": {
      "version": "4.2.3",
      "resolved": "http://msdeartprod.ms.com/artifactory/api/npm/npmjs/string-width/-/string-width-4.2.3.tgz",
      "integrity": "sha1-JpxxF9J7Ba0uU2gwqOyJXvnG0BA=",
      "license": "MIT",
      "dependencies": {
        "emoji-regex": "^8.0.0",
        "is-fullwidth-code-point": "^3.0.0",
        "strip-ansi": "^6.0.1"
      },
      "engines": {
        "node": ">=8"
      }
    },
    "node_modules/strip-ansi": {
      "version": "6.0.1",
      "resolved": "http://msdeartprod.ms.com/artifactory/api/npm/npmjs/strip-ansi/-/strip-ansi-6.0.1.tgz",
      "integrity": "sha1-nibGPTD1NEPpSJSVshBdN7Z6hdk=",
      "license": "MIT",
      "dependencies": {
        "ansi-regex": "^5.0.1"
      },
      "engines": {
        "node": ">=8"
      }
    },
    "node_modules/wrap-ansi": {
      "version": "7.0.0",
      "resolved": "http://msdeartprod.ms.com/artifactory/api/npm/npmjs/wrap-ansi/-/wrap-ansi-7.0.0.tgz",
      "integrity": "sha1-Z+FFz/UQpqaYS98RUpEdadLrnkM=",
      "license": "MIT",
      "dependencies": {
        "ansi-styles": "^4.0.0",
        "string-width": "^4.1.0",
        "strip-ansi": "^6.0.0"
      },
      "engines": {
        "node": ">=10"
      },
      "funding": {
        "url": "https://github.com/chalk/wrap-ansi?sponsor=1"
      }
    },
    "node_modules/y18n": {
      "version": "5.0.8",
      "resolved": "http://msdeartprod.ms.com/artifactory/api/npm/npmjs/y18n/-/y18n-5.0.8.tgz",
      "integrity": "sha1-f0k00PfKjFb5UxSTndzS3ZHOHVU=",
      "license": "ISC",
      "engines": {
        "node": ">=10"
      }
    },
    "node_modules/yargs": {
      "version": "16.2.0",
      "resolved": "http://msdeartprod.ms.com/artifactory/api/npm/npmjs/yargs/-/yargs-16.2.0.tgz",
      "integrity": "sha1-HIK/D2tqZur85+8w43b0mhJHf2Y=",
      "license": "MIT",
      "dependencies": {
        "cliui": "^7.0.2",
        "escalade": "^3.1.1",
        "get-caller-file": "^2.0.5",
        "require-directory": "^2.1.1",
        "string-width": "^4.2.0",
        "y18n": "^5.0.5",
        "yargs-parser": "^20.2.2"
      },
      "engines": {
        "node": ">=10"
      }
    },
    "node_modules/yargs-parser": {
      "version": "20.2.9",
      "resolved": "http://msdeartprod.ms.com/artifactory/api/npm/npmjs/yargs-parser/-/yargs-parser-20.2.9.tgz",
      "integrity": "sha1-LrfcOwKJcY/ClfNidThFxBoMlO4=",
      "license": "ISC",
      "engines": {
        "node": ">=10"
      }
    }
  },
  "dependencies": {
    "@grpc/proto-loader": {
      "version": "0.7.2",
      "resolved": "http://msdeartprod.ms.com/artifactory/api/npm/npmjs/@grpc/proto-loader/-/proto-loader-0.7.2.tgz",
      "integrity": "sha1-+mMXiFOv4Uc8UM/4n+Vy98iyAVQ=",
      "requires": {
        "@types/long": "^4.0.1",
        "lodash.camelcase": "^4.3.0",
        "long": "^4.0.0",
        "protobufjs": "^7.0.0",
        "yargs": "^16.2.0"
      }
    },
    "@protobufjs/aspromise": {
      "version": "1.1.2",
      "resolved": "http://msdeartprod.ms.com/artifactory/api/npm/npmjs/@protobufjs/aspromise/-/aspromise-1.1.2.tgz",
      "integrity": "sha1-m4sMxmPWaafY9vXQiToU00jzD78="
    },
    "@protobufjs/base64": {
      "version": "1.1.2",
      "resolved": "http://msdeartprod.ms.com/artifactory/api/npm/npmjs/@protobufjs/base64/-/base64-1.1.2.tgz",
      "integrity": "sha1-TIVzDlm5ofHzSQR9vyQpYDS7JzU="
    },
    "@protobufjs/codegen": {
      "version": "2.0.4",
      "resolved": "http://msdeartprod.ms.com/artifactory/api/npm/npmjs/@protobufjs/codegen/-/codegen-2.0.4.tgz",
      "integrity": "sha1-fvN/DQEPsCitGtWXIuUG2SYoFcs="
    },
    "@protobufjs/eventemitter": {
      "version": "1.1.0",
      "resolved": "http://msdeartprod.ms.com/artifactory/api/npm/npmjs/@protobufjs/eventemitter/-/eventemitter-1.1.0.tgz",
      "integrity": "sha1-NVy8mLr61ZePntCV85diHx0Ga3A="
    },
    "@protobufjs/fetch": {
      "version": "1.1.0",
      "resolved": "http://msdeartprod.ms.com/artifactory/api/npm/npmjs/@protobufjs/fetch/-/fetch-1.1.0.tgz",
      "integrity": "sha1-upn7WYYUr2VwDBYZ/wbUVLDYTEU=",
      "requires": {
        "@protobufjs/aspromise": "^1.1.1",
        "@protobufjs/inquire": "^1.1.0"
      }
    },
    "@protobufjs/float": {
      "version": "1.0.2",
      "resolved": "http://msdeartprod.ms.com/artifactory/api/npm/npmjs/@protobufjs/float/-/float-1.0.2.tgz",
      "integrity": "sha1-Xp4avctz/Ap8uLKR33jIy9l7h9E="
    },
    "@protobufjs/inquire": {
      "version": "1.1.0",
      "resolved": "http://msdeartprod.ms.com/artifactory/api/npm/npmjs/@protobufjs/inquire/-/inquire-1.1.0.tgz",
      "integrity": "sha1-/yAOPnzyQp4tyvwRQIKOjMY48Ik="
    },
    "@protobufjs/path": {
      "version": "1.1.2",
      "resolved": "http://msdeartprod.ms.com/artifactory/api/npm/npmjs/@protobufjs/path/-/path-1.1.2.tgz",
      "integrity": "sha1-bMKyDFya1q0NzP0hynZz2Nf79o0="
    },
    "@protobufjs/pool": {
      "version": "1.1.0",
      "resolved": "http://msdeartprod.ms.com/artifactory/api/npm/npmjs/@protobufjs/pool/-/pool-1.1.0.tgz",
      "integrity": "sha1-Cf0V8tbTq/qbZbw2ZQbWrXhG/1Q="
    },
    "@protobufjs/utf8": {
      "version": "1.1.0",
      "resolved": "http://msdeartprod.ms.com/artifactory/api/npm/npmjs/@protobufjs/utf8/-/utf8-1.1.0.tgz",
      "integrity": "sha1-p3c2C1s5oaLlEG+OhY8v0tBgxXA="
    },
    "@types/long": {
      "version": "4.0.2",
      "resolved": "http://msdeartprod.ms.com/artifactory/api/npm/npmjs/@types/long/-/long-4.0.2.tgz",
      "integrity": "sha1-t0EpcZ/I0RwBhoAQCC1IO3VFWRo="
    },
    "@types/node": {
      "version": "18.7.16",
      "resolved": "http://msdeartprod.ms.com/artifactory/api/npm/npmjs/@types/node/-/node-18.7.16.tgz",
      "integrity": "sha1-DrPM4eN8eWGZQ9L9kDkZ/DCFBgE="
    },
    "ansi-regex": {
      "version": "5.0.1",
      "resolved": "http://msdeartprod.ms.com/artifactory/api/npm/npmjs/ansi-regex/-/ansi-regex-5.0.1.tgz",
      "integrity": "sha1-CCyyyJyf6GWaMRpTvWpNxTAdswQ="
    },
    "ansi-styles": {
      "version": "4.3.0",
      "resolved": "http://msdeartprod.ms.com/artifactory/api/npm/npmjs/ansi-styles/-/ansi-styles-4.3.0.tgz",
      "integrity": "sha1-7dgDYornHATIWuegkG7a00tkiTc=",
      "requires": {
        "color-convert": "^2.0.1"
      }
    },
    "cliui": {
      "version": "7.0.4",
      "resolved": "http://msdeartprod.ms.com/artifactory/api/npm/npmjs/cliui/-/cliui-7.0.4.tgz",
      "integrity": "sha1-oCZe5lVHb8gHrqnfPfjfd4OAi08=",
      "requires": {
        "string-width": "^4.2.0",
        "strip-ansi": "^6.0.0",
        "wrap-ansi": "^7.0.0"
      }
    },
    "color-convert": {
      "version": "2.0.1",
      "resolved": "http://msdeartprod.ms.com/artifactory/api/npm/npmjs/color-convert/-/color-convert-2.0.1.tgz",
      "integrity": "sha1-ctOmjVmMm9s68q0ehPIdiWq9TeM=",
      "requires": {
        "color-name": "~1.1.4"
      }
    },
    "color-name": {
      "version": "1.1.4",
      "resolved": "http://msdeartprod.ms.com/artifactory/api/npm/npmjs/color-name/-/color-name-1.1.4.tgz",
      "integrity": "sha1-wqCah6y95pVD3m9j+jmVyCbFNqI="
    },
    "emoji-regex": {
      "version": "8.0.0",
      "resolved": "http://msdeartprod.ms.com/artifactory/api/npm/npmjs/emoji-regex/-/emoji-regex-8.0.0.tgz",
      "integrity": "sha1-6Bj9ac5cz8tARZT4QpY79TFkzDc="
    },
    "escalade": {
      "version": "3.1.1",
      "resolved": "http://msdeartprod.ms.com/artifactory/api/npm/npmjs/escalade/-/escalade-3.1.1.tgz",
      "integrity": "sha1-2M/ccACWXFoBdLSoLqpcBVJ0LkA="
    },
    "get-caller-file": {
      "version": "2.0.5",
      "resolved": "http://msdeartprod.ms.com/artifactory/api/npm/npmjs/get-caller-file/-/get-caller-file-2.0.5.tgz",
      "integrity": "sha1-T5RBKoLbMvNuOwuXQfipf+sDH34="
    },
    "is-fullwidth-code-point": {
      "version": "3.0.0",
      "resolved": "http://msdeartprod.ms.com/artifactory/api/npm/npmjs/is-fullwidth-code-point/-/is-fullwidth-code-point-3.0.0.tgz",
      "integrity": "sha1-8Rb4Bk/pCz94RKOJl8C3UFEmnx0="
    },
    "jquery": {
      "version": "3.6.1",
      "resolved": "http://msdeartprod.ms.com/artifactory/api/npm/npmjs/jquery/-/jquery-3.6.1.tgz",
      "integrity": "sha1-+rBAj4tF/Bn5ViBXc7YrKSwUehY="
    },
    "lodash.camelcase": {
      "version": "4.3.0",
      "resolved": "http://msdeartprod.ms.com/artifactory/api/npm/npmjs/lodash.camelcase/-/lodash.camelcase-4.3.0.tgz",
      "integrity": "sha1-soqmKIorn8ZRA1x3EfZathkDMaY="
    },
    "long": {
      "version": "4.0.0",
      "resolved": "http://msdeartprod.ms.com/artifactory/api/npm/npmjs/long/-/long-4.0.0.tgz",
      "integrity": "sha1-mntxz7fTYaGU6lVSQckvdGjVvyg="
    },
    "protobufjs": {
      "version": "7.1.0",
      "resolved": "http://msdeartprod.ms.com/artifactory/api/npm/npmjs/protobufjs/-/protobufjs-7.1.0.tgz",
      "integrity": "sha1-UXS1+W+tT33qfdSr1ZQEKsNg5mU=",
      "requires": {
        "@protobufjs/aspromise": "^1.1.2",
        "@protobufjs/base64": "^1.1.2",
        "@protobufjs/codegen": "^2.0.4",
        "@protobufjs/eventemitter": "^1.1.0",
        "@protobufjs/fetch": "^1.1.0",
        "@protobufjs/float": "^1.0.2",
        "@protobufjs/inquire": "^1.1.0",
        "@protobufjs/path": "^1.1.2",
        "@protobufjs/pool": "^1.1.0",
        "@protobufjs/utf8": "^1.1.0",
        "@types/node": ">=13.7.0",
        "long": "^5.0.0"
      },
      "dependencies": {
        "long": {
          "version": "5.2.0",
          "resolved": "http://msdeartprod.ms.com/artifactory/api/npm/npmjs/long/-/long-5.2.0.tgz",
          "integrity": "sha1-Jpba30tNos4/b2uJGGCF2U1S/WE="
        }
      }
    },
    "require-directory": {
      "version": "2.1.1",
      "resolved": "http://msdeartprod.ms.com/artifactory/api/npm/npmjs/require-directory/-/require-directory-2.1.1.tgz",
      "integrity": "sha1-jGStX9MNqxyXbiNE/+f3kqam30I="
    },
    "requirejs": {
      "version": "2.3.6",
      "resolved": "http://msdeartprod.ms.com/artifactory/api/npm/npmjs/requirejs/-/requirejs-2.3.6.tgz",
      "integrity": "sha1-5Qk9lgHCgpJRJYwLlEXU0Z+p58k="
    },
    "string-width": {
      "version": "4.2.3",
      "resolved": "http://msdeartprod.ms.com/artifactory/api/npm/npmjs/string-width/-/string-width-4.2.3.tgz",
      "integrity": "sha1-JpxxF9J7Ba0uU2gwqOyJXvnG0BA=",
      "requires": {
        "emoji-regex": "^8.0.0",
        "is-fullwidth-code-point": "^3.0.0",
        "strip-ansi": "^6.0.1"
      }
    },
    "strip-ansi": {
      "version": "6.0.1",
      "resolved": "http://msdeartprod.ms.com/artifactory/api/npm/npmjs/strip-ansi/-/strip-ansi-6.0.1.tgz",
      "integrity": "sha1-nibGPTD1NEPpSJSVshBdN7Z6hdk=",
      "requires": {
        "ansi-regex": "^5.0.1"
      }
    },
    "wrap-ansi": {
      "version": "7.0.0",
      "resolved": "http://msdeartprod.ms.com/artifactory/api/npm/npmjs/wrap-ansi/-/wrap-ansi-7.0.0.tgz",
      "integrity": "sha1-Z+FFz/UQpqaYS98RUpEdadLrnkM=",
      "requires": {
        "ansi-styles": "^4.0.0",
        "string-width": "^4.1.0",
        "strip-ansi": "^6.0.0"
      }
    },
    "y18n": {
      "version": "5.0.8",
      "resolved": "http://msdeartprod.ms.com/artifactory/api/npm/npmjs/y18n/-/y18n-5.0.8.tgz",
      "integrity": "sha1-f0k00PfKjFb5UxSTndzS3ZHOHVU="
    },
    "yargs": {
      "version": "16.2.0",
      "resolved": "http://msdeartprod.ms.com/artifactory/api/npm/npmjs/yargs/-/yargs-16.2.0.tgz",
      "integrity": "sha1-HIK/D2tqZur85+8w43b0mhJHf2Y=",
      "requires": {
        "cliui": "^7.0.2",
        "escalade": "^3.1.1",
        "get-caller-file": "^2.0.5",
        "require-directory": "^2.1.1",
        "string-width": "^4.2.0",
        "y18n": "^5.0.5",
        "yargs-parser": "^20.2.2"
      }
    },
    "yargs-parser": {
      "version": "20.2.9",
      "resolved": "http://msdeartprod.ms.com/artifactory/api/npm/npmjs/yargs-parser/-/yargs-parser-20.2.9.tgz",
      "integrity": "sha1-LrfcOwKJcY/ClfNidThFxBoMlO4="
    }
  }
}
